// !$*UTF8*$!
{
	archiveVersion = 1;
	classes = {
	};
	objectVersion = 56;
	objects = {

/* Begin PBXBuildFile section */
		1B89D6012A4282D9008C5976 /* LaCasaApp.swift in Sources */ = {isa = PBXBuildFile; fileRef = 1B89D6002A4282D9008C5976 /* LaCasaApp.swift */; };
		1B89D6032A4282D9008C5976 /* ContentView.swift in Sources */ = {isa = PBXBuildFile; fileRef = 1B89D6022A4282D9008C5976 /* ContentView.swift */; };
		1B89D6052A4282DA008C5976 /* Assets.xcassets in Resources */ = {isa = PBXBuildFile; fileRef = 1B89D6042A4282DA008C5976 /* Assets.xcassets */; };
		1B89D6082A4282DA008C5976 /* Preview Assets.xcassets in Resources */ = {isa = PBXBuildFile; fileRef = 1B89D6072A4282DA008C5976 /* Preview Assets.xcassets */; };
		1B89D6122A4282DB008C5976 /* LaCasaTests.swift in Sources */ = {isa = PBXBuildFile; fileRef = 1B89D6112A4282DB008C5976 /* LaCasaTests.swift */; };
		1B89D61C2A4282DB008C5976 /* LaCasaUITests.swift in Sources */ = {isa = PBXBuildFile; fileRef = 1B89D61B2A4282DB008C5976 /* LaCasaUITests.swift */; };
		1B89D61E2A4282DB008C5976 /* LaCasaUITestsLaunchTests.swift in Sources */ = {isa = PBXBuildFile; fileRef = 1B89D61D2A4282DB008C5976 /* LaCasaUITestsLaunchTests.swift */; };
		1B89D62C2A436017008C5976 /* Chore.swift in Sources */ = {isa = PBXBuildFile; fileRef = 1B89D62B2A436017008C5976 /* Chore.swift */; };
		1B89D62E2A43626E008C5976 /* ModelData.swift in Sources */ = {isa = PBXBuildFile; fileRef = 1B89D62D2A43626E008C5976 /* ModelData.swift */; };
		1B89D6302A43DF70008C5976 /* SaveRequest.swift in Sources */ = {isa = PBXBuildFile; fileRef = 1B89D62F2A43DF70008C5976 /* SaveRequest.swift */; };
		1B89D6372A452ABA008C5976 /* Chores.swift in Sources */ = {isa = PBXBuildFile; fileRef = 1B89D6362A452ABA008C5976 /* Chores.swift */; };
		1B89D6392A452ADB008C5976 /* Saves.swift in Sources */ = {isa = PBXBuildFile; fileRef = 1B89D6382A452ADB008C5976 /* Saves.swift */; };
/* End PBXBuildFile section */

/* Begin PBXContainerItemProxy section */
		1B89D60E2A4282DB008C5976 /* PBXContainerItemProxy */ = {
			isa = PBXContainerItemProxy;
			containerPortal = 1B89D5F52A4282D9008C5976 /* Project object */;
			proxyType = 1;
			remoteGlobalIDString = 1B89D5FC2A4282D9008C5976;
			remoteInfo = LaCasa;
		};
		1B89D6182A4282DB008C5976 /* PBXContainerItemProxy */ = {
			isa = PBXContainerItemProxy;
			containerPortal = 1B89D5F52A4282D9008C5976 /* Project object */;
			proxyType = 1;
			remoteGlobalIDString = 1B89D5FC2A4282D9008C5976;
			remoteInfo = LaCasa;
		};
/* End PBXContainerItemProxy section */

/* Begin PBXFileReference section */
		1B89D5FD2A4282D9008C5976 /* LaCasa.app */ = {isa = PBXFileReference; explicitFileType = wrapper.application; includeInIndex = 0; path = LaCasa.app; sourceTree = BUILT_PRODUCTS_DIR; };
		1B89D6002A4282D9008C5976 /* LaCasaApp.swift */ = {isa = PBXFileReference; lastKnownFileType = sourcecode.swift; path = LaCasaApp.swift; sourceTree = "<group>"; };
		1B89D6022A4282D9008C5976 /* ContentView.swift */ = {isa = PBXFileReference; lastKnownFileType = sourcecode.swift; path = ContentView.swift; sourceTree = "<group>"; };
		1B89D6042A4282DA008C5976 /* Assets.xcassets */ = {isa = PBXFileReference; lastKnownFileType = folder.assetcatalog; path = Assets.xcassets; sourceTree = "<group>"; };
		1B89D6072A4282DA008C5976 /* Preview Assets.xcassets */ = {isa = PBXFileReference; lastKnownFileType = folder.assetcatalog; path = "Preview Assets.xcassets"; sourceTree = "<group>"; };
		1B89D60D2A4282DB008C5976 /* LaCasaTests.xctest */ = {isa = PBXFileReference; explicitFileType = wrapper.cfbundle; includeInIndex = 0; path = LaCasaTests.xctest; sourceTree = BUILT_PRODUCTS_DIR; };
		1B89D6112A4282DB008C5976 /* LaCasaTests.swift */ = {isa = PBXFileReference; lastKnownFileType = sourcecode.swift; path = LaCasaTests.swift; sourceTree = "<group>"; };
		1B89D6172A4282DB008C5976 /* LaCasaUITests.xctest */ = {isa = PBXFileReference; explicitFileType = wrapper.cfbundle; includeInIndex = 0; path = LaCasaUITests.xctest; sourceTree = BUILT_PRODUCTS_DIR; };
		1B89D61B2A4282DB008C5976 /* LaCasaUITests.swift */ = {isa = PBXFileReference; lastKnownFileType = sourcecode.swift; path = LaCasaUITests.swift; sourceTree = "<group>"; };
		1B89D61D2A4282DB008C5976 /* LaCasaUITestsLaunchTests.swift */ = {isa = PBXFileReference; lastKnownFileType = sourcecode.swift; path = LaCasaUITestsLaunchTests.swift; sourceTree = "<group>"; };
		1B89D62B2A436017008C5976 /* Chore.swift */ = {isa = PBXFileReference; lastKnownFileType = sourcecode.swift; path = Chore.swift; sourceTree = "<group>"; };
		1B89D62D2A43626E008C5976 /* ModelData.swift */ = {isa = PBXFileReference; lastKnownFileType = sourcecode.swift; path = ModelData.swift; sourceTree = "<group>"; };
		1B89D62F2A43DF70008C5976 /* SaveRequest.swift */ = {isa = PBXFileReference; lastKnownFileType = sourcecode.swift; path = SaveRequest.swift; sourceTree = "<group>"; };
		1B89D6312A44D39D008C5976 /* Info.plist */ = {isa = PBXFileReference; lastKnownFileType = text.plist; path = Info.plist; sourceTree = "<group>"; };
		1B89D6362A452ABA008C5976 /* Chores.swift */ = {isa = PBXFileReference; lastKnownFileType = sourcecode.swift; path = Chores.swift; sourceTree = "<group>"; };
		1B89D6382A452ADB008C5976 /* Saves.swift */ = {isa = PBXFileReference; lastKnownFileType = sourcecode.swift; path = Saves.swift; sourceTree = "<group>"; };
/* End PBXFileReference section */

/* Begin PBXFrameworksBuildPhase section */
		1B89D5FA2A4282D9008C5976 /* Frameworks */ = {
			isa = PBXFrameworksBuildPhase;
			buildActionMask = 2147483647;
			files = (
			);
			runOnlyForDeploymentPostprocessing = 0;
		};
		1B89D60A2A4282DB008C5976 /* Frameworks */ = {
			isa = PBXFrameworksBuildPhase;
			buildActionMask = 2147483647;
			files = (
			);
			runOnlyForDeploymentPostprocessing = 0;
		};
		1B89D6142A4282DB008C5976 /* Frameworks */ = {
			isa = PBXFrameworksBuildPhase;
			buildActionMask = 2147483647;
			files = (
			);
			runOnlyForDeploymentPostprocessing = 0;
		};
/* End PBXFrameworksBuildPhase section */

/* Begin PBXGroup section */
		1B89D5F42A4282D9008C5976 = {
			isa = PBXGroup;
			children = (
				1B89D5FF2A4282D9008C5976 /* LaCasa */,
				1B89D6102A4282DB008C5976 /* LaCasaTests */,
				1B89D61A2A4282DB008C5976 /* LaCasaUITests */,
				1B89D5FE2A4282D9008C5976 /* Products */,
			);
			sourceTree = "<group>";
		};
		1B89D5FE2A4282D9008C5976 /* Products */ = {
			isa = PBXGroup;
			children = (
				1B89D5FD2A4282D9008C5976 /* LaCasa.app */,
				1B89D60D2A4282DB008C5976 /* LaCasaTests.xctest */,
				1B89D6172A4282DB008C5976 /* LaCasaUITests.xctest */,
			);
			name = Products;
			sourceTree = "<group>";
		};
		1B89D5FF2A4282D9008C5976 /* LaCasa */ = {
			isa = PBXGroup;
			children = (
				1B89D6312A44D39D008C5976 /* Info.plist */,
				1B89D6002A4282D9008C5976 /* LaCasaApp.swift */,
				1B89D62A2A436003008C5976 /* Models */,
				1B89D6352A45290E008C5976 /* Views */,
				1B89D6042A4282DA008C5976 /* Assets.xcassets */,
				1B89D6062A4282DA008C5976 /* Preview Content */,
			);
			path = LaCasa;
			sourceTree = "<group>";
		};
		1B89D6062A4282DA008C5976 /* Preview Content */ = {
			isa = PBXGroup;
			children = (
				1B89D6072A4282DA008C5976 /* Preview Assets.xcassets */,
			);
			path = "Preview Content";
			sourceTree = "<group>";
		};
		1B89D6102A4282DB008C5976 /* LaCasaTests */ = {
			isa = PBXGroup;
			children = (
				1B89D6112A4282DB008C5976 /* LaCasaTests.swift */,
			);
			path = LaCasaTests;
			sourceTree = "<group>";
		};
		1B89D61A2A4282DB008C5976 /* LaCasaUITests */ = {
			isa = PBXGroup;
			children = (
				1B89D61B2A4282DB008C5976 /* LaCasaUITests.swift */,
				1B89D61D2A4282DB008C5976 /* LaCasaUITestsLaunchTests.swift */,
			);
			path = LaCasaUITests;
			sourceTree = "<group>";
		};
		1B89D62A2A436003008C5976 /* Models */ = {
			isa = PBXGroup;
			children = (
				1B89D62B2A436017008C5976 /* Chore.swift */,
				1B89D62D2A43626E008C5976 /* ModelData.swift */,
				1B89D62F2A43DF70008C5976 /* SaveRequest.swift */,
			);
			path = Models;
			sourceTree = "<group>";
		};
		1B89D6352A45290E008C5976 /* Views */ = {
			isa = PBXGroup;
			children = (
				1B89D6022A4282D9008C5976 /* ContentView.swift */,
				1B89D6362A452ABA008C5976 /* Chores.swift */,
				1B89D6382A452ADB008C5976 /* Saves.swift */,
			);
			path = Views;
			sourceTree = "<group>";
		};
/* End PBXGroup section */

/* Begin PBXNativeTarget section */
		1B89D5FC2A4282D9008C5976 /* LaCasa */ = {
			isa = PBXNativeTarget;
			buildConfigurationList = 1B89D6212A4282DB008C5976 /* Build configuration list for PBXNativeTarget "LaCasa" */;
			buildPhases = (
				1B89D5F92A4282D9008C5976 /* Sources */,
				1B89D5FA2A4282D9008C5976 /* Frameworks */,
				1B89D5FB2A4282D9008C5976 /* Resources */,
			);
			buildRules = (
			);
			dependencies = (
			);
			name = LaCasa;
			productName = LaCasa;
			productReference = 1B89D5FD2A4282D9008C5976 /* LaCasa.app */;
			productType = "com.apple.product-type.application";
		};
		1B89D60C2A4282DB008C5976 /* LaCasaTests */ = {
			isa = PBXNativeTarget;
			buildConfigurationList = 1B89D6242A4282DB008C5976 /* Build configuration list for PBXNativeTarget "LaCasaTests" */;
			buildPhases = (
				1B89D6092A4282DB008C5976 /* Sources */,
				1B89D60A2A4282DB008C5976 /* Frameworks */,
				1B89D60B2A4282DB008C5976 /* Resources */,
			);
			buildRules = (
			);
			dependencies = (
				1B89D60F2A4282DB008C5976 /* PBXTargetDependency */,
			);
			name = LaCasaTests;
			productName = LaCasaTests;
			productReference = 1B89D60D2A4282DB008C5976 /* LaCasaTests.xctest */;
			productType = "com.apple.product-type.bundle.unit-test";
		};
		1B89D6162A4282DB008C5976 /* LaCasaUITests */ = {
			isa = PBXNativeTarget;
			buildConfigurationList = 1B89D6272A4282DB008C5976 /* Build configuration list for PBXNativeTarget "LaCasaUITests" */;
			buildPhases = (
				1B89D6132A4282DB008C5976 /* Sources */,
				1B89D6142A4282DB008C5976 /* Frameworks */,
				1B89D6152A4282DB008C5976 /* Resources */,
			);
			buildRules = (
			);
			dependencies = (
				1B89D6192A4282DB008C5976 /* PBXTargetDependency */,
			);
			name = LaCasaUITests;
			productName = LaCasaUITests;
			productReference = 1B89D6172A4282DB008C5976 /* LaCasaUITests.xctest */;
			productType = "com.apple.product-type.bundle.ui-testing";
		};
/* End PBXNativeTarget section */

/* Begin PBXProject section */
		1B89D5F52A4282D9008C5976 /* Project object */ = {
			isa = PBXProject;
			attributes = {
				BuildIndependentTargetsInParallel = 1;
				LastSwiftUpdateCheck = 1430;
				LastUpgradeCheck = 1430;
				TargetAttributes = {
					1B89D5FC2A4282D9008C5976 = {
						CreatedOnToolsVersion = 14.3.1;
					};
					1B89D60C2A4282DB008C5976 = {
						CreatedOnToolsVersion = 14.3.1;
						TestTargetID = 1B89D5FC2A4282D9008C5976;
					};
					1B89D6162A4282DB008C5976 = {
						CreatedOnToolsVersion = 14.3.1;
						TestTargetID = 1B89D5FC2A4282D9008C5976;
					};
				};
			};
			buildConfigurationList = 1B89D5F82A4282D9008C5976 /* Build configuration list for PBXProject "LaCasa" */;
			compatibilityVersion = "Xcode 14.0";
			developmentRegion = en;
			hasScannedForEncodings = 0;
			knownRegions = (
				en,
				Base,
			);
			mainGroup = 1B89D5F42A4282D9008C5976;
			productRefGroup = 1B89D5FE2A4282D9008C5976 /* Products */;
			projectDirPath = "";
			projectRoot = "";
			targets = (
				1B89D5FC2A4282D9008C5976 /* LaCasa */,
				1B89D60C2A4282DB008C5976 /* LaCasaTests */,
				1B89D6162A4282DB008C5976 /* LaCasaUITests */,
			);
		};
/* End PBXProject section */

/* Begin PBXResourcesBuildPhase section */
		1B89D5FB2A4282D9008C5976 /* Resources */ = {
			isa = PBXResourcesBuildPhase;
			buildActionMask = 2147483647;
			files = (
				1B89D6082A4282DA008C5976 /* Preview Assets.xcassets in Resources */,
				1B89D6052A4282DA008C5976 /* Assets.xcassets in Resources */,
			);
			runOnlyForDeploymentPostprocessing = 0;
		};
		1B89D60B2A4282DB008C5976 /* Resources */ = {
			isa = PBXResourcesBuildPhase;
			buildActionMask = 2147483647;
			files = (
			);
			runOnlyForDeploymentPostprocessing = 0;
		};
		1B89D6152A4282DB008C5976 /* Resources */ = {
			isa = PBXResourcesBuildPhase;
			buildActionMask = 2147483647;
			files = (
			);
			runOnlyForDeploymentPostprocessing = 0;
		};
/* End PBXResourcesBuildPhase section */

/* Begin PBXSourcesBuildPhase section */
		1B89D5F92A4282D9008C5976 /* Sources */ = {
			isa = PBXSourcesBuildPhase;
			buildActionMask = 2147483647;
			files = (
				1B89D62C2A436017008C5976 /* Chore.swift in Sources */,
				1B89D62E2A43626E008C5976 /* ModelData.swift in Sources */,
				1B89D6302A43DF70008C5976 /* SaveRequest.swift in Sources */,
				1B89D6032A4282D9008C5976 /* ContentView.swift in Sources */,
				1B89D6392A452ADB008C5976 /* Saves.swift in Sources */,
				1B89D6012A4282D9008C5976 /* LaCasaApp.swift in Sources */,
				1B89D6372A452ABA008C5976 /* Chores.swift in Sources */,
			);
			runOnlyForDeploymentPostprocessing = 0;
		};
		1B89D6092A4282DB008C5976 /* Sources */ = {
			isa = PBXSourcesBuildPhase;
			buildActionMask = 2147483647;
			files = (
				1B89D6122A4282DB008C5976 /* LaCasaTests.swift in Sources */,
			);
			runOnlyForDeploymentPostprocessing = 0;
		};
		1B89D6132A4282DB008C5976 /* Sources */ = {
			isa = PBXSourcesBuildPhase;
			buildActionMask = 2147483647;
			files = (
				1B89D61C2A4282DB008C5976 /* LaCasaUITests.swift in Sources */,
				1B89D61E2A4282DB008C5976 /* LaCasaUITestsLaunchTests.swift in Sources */,
			);
			runOnlyForDeploymentPostprocessing = 0;
		};
/* End PBXSourcesBuildPhase section */

/* Begin PBXTargetDependency section */
		1B89D60F2A4282DB008C5976 /* PBXTargetDependency */ = {
			isa = PBXTargetDependency;
			target = 1B89D5FC2A4282D9008C5976 /* LaCasa */;
			targetProxy = 1B89D60E2A4282DB008C5976 /* PBXContainerItemProxy */;
		};
		1B89D6192A4282DB008C5976 /* PBXTargetDependency */ = {
			isa = PBXTargetDependency;
			target = 1B89D5FC2A4282D9008C5976 /* LaCasa */;
			targetProxy = 1B89D6182A4282DB008C5976 /* PBXContainerItemProxy */;
		};
/* End PBXTargetDependency section */

/* Begin XCBuildConfiguration section */
		1B89D61F2A4282DB008C5976 /* Debug */ = {
			isa = XCBuildConfiguration;
			buildSettings = {
				ALWAYS_SEARCH_USER_PATHS = NO;
				CLANG_ANALYZER_NONNULL = YES;
				CLANG_ANALYZER_NUMBER_OBJECT_CONVERSION = YES_AGGRESSIVE;
				CLANG_CXX_LANGUAGE_STANDARD = "gnu++20";
				CLANG_ENABLE_MODULES = YES;
				CLANG_ENABLE_OBJC_ARC = YES;
				CLANG_ENABLE_OBJC_WEAK = YES;
				CLANG_WARN_BLOCK_CAPTURE_AUTORELEASING = YES;
				CLANG_WARN_BOOL_CONVERSION = YES;
				CLANG_WARN_COMMA = YES;
				CLANG_WARN_CONSTANT_CONVERSION = YES;
				CLANG_WARN_DEPRECATED_OBJC_IMPLEMENTATIONS = YES;
				CLANG_WARN_DIRECT_OBJC_ISA_USAGE = YES_ERROR;
				CLANG_WARN_DOCUMENTATION_COMMENTS = YES;
				CLANG_WARN_EMPTY_BODY = YES;
				CLANG_WARN_ENUM_CONVERSION = YES;
				CLANG_WARN_INFINITE_RECURSION = YES;
				CLANG_WARN_INT_CONVERSION = YES;
				CLANG_WARN_NON_LITERAL_NULL_CONVERSION = YES;
				CLANG_WARN_OBJC_IMPLICIT_RETAIN_SELF = YES;
				CLANG_WARN_OBJC_LITERAL_CONVERSION = YES;
				CLANG_WARN_OBJC_ROOT_CLASS = YES_ERROR;
				CLANG_WARN_QUOTED_INCLUDE_IN_FRAMEWORK_HEADER = YES;
				CLANG_WARN_RANGE_LOOP_ANALYSIS = YES;
				CLANG_WARN_STRICT_PROTOTYPES = YES;
				CLANG_WARN_SUSPICIOUS_MOVE = YES;
				CLANG_WARN_UNGUARDED_AVAILABILITY = YES_AGGRESSIVE;
				CLANG_WARN_UNREACHABLE_CODE = YES;
				CLANG_WARN__DUPLICATE_METHOD_MATCH = YES;
				COPY_PHASE_STRIP = NO;
				DEBUG_INFORMATION_FORMAT = dwarf;
				ENABLE_STRICT_OBJC_MSGSEND = YES;
				ENABLE_TESTABILITY = YES;
				GCC_C_LANGUAGE_STANDARD = gnu11;
				GCC_DYNAMIC_NO_PIC = NO;
				GCC_NO_COMMON_BLOCKS = YES;
				GCC_OPTIMIZATION_LEVEL = 0;
				GCC_PREPROCESSOR_DEFINITIONS = (
					"DEBUG=1",
					"$(inherited)",
				);
				GCC_WARN_64_TO_32_BIT_CONVERSION = YES;
				GCC_WARN_ABOUT_RETURN_TYPE = YES_ERROR;
				GCC_WARN_UNDECLARED_SELECTOR = YES;
				GCC_WARN_UNINITIALIZED_AUTOS = YES_AGGRESSIVE;
				GCC_WARN_UNUSED_FUNCTION = YES;
				GCC_WARN_UNUSED_VARIABLE = YES;
				IPHONEOS_DEPLOYMENT_TARGET = 16.4;
				MTL_ENABLE_DEBUG_INFO = INCLUDE_SOURCE;
				MTL_FAST_MATH = YES;
				ONLY_ACTIVE_ARCH = YES;
				SDKROOT = iphoneos;
				SWIFT_ACTIVE_COMPILATION_CONDITIONS = DEBUG;
				SWIFT_OPTIMIZATION_LEVEL = "-Onone";
			};
			name = Debug;
		};
		1B89D6202A4282DB008C5976 /* Release */ = {
			isa = XCBuildConfiguration;
			buildSettings = {
				ALWAYS_SEARCH_USER_PATHS = NO;
				CLANG_ANALYZER_NONNULL = YES;
				CLANG_ANALYZER_NUMBER_OBJECT_CONVERSION = YES_AGGRESSIVE;
				CLANG_CXX_LANGUAGE_STANDARD = "gnu++20";
				CLANG_ENABLE_MODULES = YES;
				CLANG_ENABLE_OBJC_ARC = YES;
				CLANG_ENABLE_OBJC_WEAK = YES;
				CLANG_WARN_BLOCK_CAPTURE_AUTORELEASING = YES;
				CLANG_WARN_BOOL_CONVERSION = YES;
				CLANG_WARN_COMMA = YES;
				CLANG_WARN_CONSTANT_CONVERSION = YES;
				CLANG_WARN_DEPRECATED_OBJC_IMPLEMENTATIONS = YES;
				CLANG_WARN_DIRECT_OBJC_ISA_USAGE = YES_ERROR;
				CLANG_WARN_DOCUMENTATION_COMMENTS = YES;
				CLANG_WARN_EMPTY_BODY = YES;
				CLANG_WARN_ENUM_CONVERSION = YES;
				CLANG_WARN_INFINITE_RECURSION = YES;
				CLANG_WARN_INT_CONVERSION = YES;
				CLANG_WARN_NON_LITERAL_NULL_CONVERSION = YES;
				CLANG_WARN_OBJC_IMPLICIT_RETAIN_SELF = YES;
				CLANG_WARN_OBJC_LITERAL_CONVERSION = YES;
				CLANG_WARN_OBJC_ROOT_CLASS = YES_ERROR;
				CLANG_WARN_QUOTED_INCLUDE_IN_FRAMEWORK_HEADER = YES;
				CLANG_WARN_RANGE_LOOP_ANALYSIS = YES;
				CLANG_WARN_STRICT_PROTOTYPES = YES;
				CLANG_WARN_SUSPICIOUS_MOVE = YES;
				CLANG_WARN_UNGUARDED_AVAILABILITY = YES_AGGRESSIVE;
				CLANG_WARN_UNREACHABLE_CODE = YES;
				CLANG_WARN__DUPLICATE_METHOD_MATCH = YES;
				COPY_PHASE_STRIP = NO;
				DEBUG_INFORMATION_FORMAT = "dwarf-with-dsym";
				ENABLE_NS_ASSERTIONS = NO;
				ENABLE_STRICT_OBJC_MSGSEND = YES;
				GCC_C_LANGUAGE_STANDARD = gnu11;
				GCC_NO_COMMON_BLOCKS = YES;
				GCC_WARN_64_TO_32_BIT_CONVERSION = YES;
				GCC_WARN_ABOUT_RETURN_TYPE = YES_ERROR;
				GCC_WARN_UNDECLARED_SELECTOR = YES;
				GCC_WARN_UNINITIALIZED_AUTOS = YES_AGGRESSIVE;
				GCC_WARN_UNUSED_FUNCTION = YES;
				GCC_WARN_UNUSED_VARIABLE = YES;
				IPHONEOS_DEPLOYMENT_TARGET = 16.4;
				MTL_ENABLE_DEBUG_INFO = NO;
				MTL_FAST_MATH = YES;
				SDKROOT = iphoneos;
				SWIFT_COMPILATION_MODE = wholemodule;
				SWIFT_OPTIMIZATION_LEVEL = "-O";
				VALIDATE_PRODUCT = YES;
			};
			name = Release;
		};
		1B89D6222A4282DB008C5976 /* Debug */ = {
			isa = XCBuildConfiguration;
			buildSettings = {
				ASSETCATALOG_COMPILER_APPICON_NAME = AppIcon;
				ASSETCATALOG_COMPILER_GLOBAL_ACCENT_COLOR_NAME = AccentColor;
				CODE_SIGN_STYLE = Automatic;
				CURRENT_PROJECT_VERSION = 1;
				DEVELOPMENT_ASSET_PATHS = "\"LaCasa/Preview Content\"";
				DEVELOPMENT_TEAM = UXUU2WMD8Q;
				ENABLE_PREVIEWS = YES;
				GENERATE_INFOPLIST_FILE = YES;
				INFOPLIST_FILE = LaCasa/Info.plist;
				INFOPLIST_KEY_UIApplicationSceneManifest_Generation = YES;
				INFOPLIST_KEY_UIApplicationSupportsIndirectInputEvents = YES;
				INFOPLIST_KEY_UISupportedInterfaceOrientations_iPad = "UIInterfaceOrientationPortrait UIInterfaceOrientationPortraitUpsideDown UIInterfaceOrientationLandscapeLeft UIInterfaceOrientationLandscapeRight";
				INFOPLIST_KEY_UISupportedInterfaceOrientations_iPhone = "UIInterfaceOrientationPortrait UIInterfaceOrientationLandscapeLeft UIInterfaceOrientationLandscapeRight";
				IPHONEOS_DEPLOYMENT_TARGET = 16.4;
				LD_RUNPATH_SEARCH_PATHS = (
					"$(inherited)",
					"@executable_path/Frameworks",
				);
				MARKETING_VERSION = 1.0;
				PRODUCT_BUNDLE_IDENTIFIER = com.maxzetina.LaCasa;
				PRODUCT_NAME = "$(TARGET_NAME)";
				SWIFT_EMIT_LOC_STRINGS = YES;
				SWIFT_VERSION = 5.0;
				TARGETED_DEVICE_FAMILY = "1,2";
			};
			name = Debug;
		};
		1B89D6232A4282DB008C5976 /* Release */ = {
			isa = XCBuildConfiguration;
			buildSettings = {
				ASSETCATALOG_COMPILER_APPICON_NAME = AppIcon;
				ASSETCATALOG_COMPILER_GLOBAL_ACCENT_COLOR_NAME = AccentColor;
				CODE_SIGN_STYLE = Automatic;
				CURRENT_PROJECT_VERSION = 1;
				DEVELOPMENT_ASSET_PATHS = "\"LaCasa/Preview Content\"";
				DEVELOPMENT_TEAM = UXUU2WMD8Q;
				ENABLE_PREVIEWS = YES;
				GENERATE_INFOPLIST_FILE = YES;
				INFOPLIST_FILE = LaCasa/Info.plist;
				INFOPLIST_KEY_UIApplicationSceneManifest_Generation = YES;
				INFOPLIST_KEY_UIApplicationSupportsIndirectInputEvents = YES;
				INFOPLIST_KEY_UISupportedInterfaceOrientations_iPad = "UIInterfaceOrientationPortrait UIInterfaceOrientationPortraitUpsideDown UIInterfaceOrientationLandscapeLeft UIInterfaceOrientationLandscapeRight";
				INFOPLIST_KEY_UISupportedInterfaceOrientations_iPhone = "UIInterfaceOrientationPortrait UIInterfaceOrientationLandscapeLeft UIInterfaceOrientationLandscapeRight";
				IPHONEOS_DEPLOYMENT_TARGET = 16.4;
				LD_RUNPATH_SEARCH_PATHS = (
					"$(inherited)",
					"@executable_path/Frameworks",
				);
				MARKETING_VERSION = 1.0;
				PRODUCT_BUNDLE_IDENTIFIER = com.maxzetina.LaCasa;
				PRODUCT_NAME = "$(TARGET_NAME)";
				SWIFT_EMIT_LOC_STRINGS = YES;
				SWIFT_VERSION = 5.0;
				TARGETED_DEVICE_FAMILY = "1,2";
			};
			name = Release;
		};
		1B89D6252A4282DB008C5976 /* Debug */ = {
			isa = XCBuildConfiguration;
			buildSettings = {
				ALWAYS_EMBED_SWIFT_STANDARD_LIBRARIES = YES;
				BUNDLE_LOADER = "$(TEST_HOST)";
				CODE_SIGN_STYLE = Automatic;
				CURRENT_PROJECT_VERSION = 1;
				DEVELOPMENT_TEAM = UXUU2WMD8Q;
				GENERATE_INFOPLIST_FILE = YES;
				IPHONEOS_DEPLOYMENT_TARGET = 16.4;
				MARKETING_VERSION = 1.0;
				PRODUCT_BUNDLE_IDENTIFIER = com.maxzetina.LaCasaTests;
				PRODUCT_NAME = "$(TARGET_NAME)";
				SWIFT_EMIT_LOC_STRINGS = NO;
				SWIFT_VERSION = 5.0;
				TARGETED_DEVICE_FAMILY = "1,2";
				TEST_HOST = "$(BUILT_PRODUCTS_DIR)/LaCasa.app/$(BUNDLE_EXECUTABLE_FOLDER_PATH)/LaCasa";
			};
			name = Debug;
		};
		1B89D6262A4282DB008C5976 /* Release */ = {
			isa = XCBuildConfiguration;
			buildSettings = {
				ALWAYS_EMBED_SWIFT_STANDARD_LIBRARIES = YES;
				BUNDLE_LOADER = "$(TEST_HOST)";
				CODE_SIGN_STYLE = Automatic;
				CURRENT_PROJECT_VERSION = 1;
				DEVELOPMENT_TEAM = UXUU2WMD8Q;
				GENERATE_INFOPLIST_FILE = YES;
				IPHONEOS_DEPLOYMENT_TARGET = 16.4;
				MARKETING_VERSION = 1.0;
				PRODUCT_BUNDLE_IDENTIFIER = com.maxzetina.LaCasaTests;
				PRODUCT_NAME = "$(TARGET_NAME)";
				SWIFT_EMIT_LOC_STRINGS = NO;
				SWIFT_VERSION = 5.0;
				TARGETED_DEVICE_FAMILY = "1,2";
				TEST_HOST = "$(BUILT_PRODUCTS_DIR)/LaCasa.app/$(BUNDLE_EXECUTABLE_FOLDER_PATH)/LaCasa";
			};
			name = Release;
		};
		1B89D6282A4282DB008C5976 /* Debug */ = {
			isa = XCBuildConfiguration;
			buildSettings = {
				ALWAYS_EMBED_SWIFT_STANDARD_LIBRARIES = YES;
				CODE_SIGN_STYLE = Automatic;
				CURRENT_PROJECT_VERSION = 1;
				DEVELOPMENT_TEAM = UXUU2WMD8Q;
				GENERATE_INFOPLIST_FILE = YES;
				MARKETING_VERSION = 1.0;
				PRODUCT_BUNDLE_IDENTIFIER = com.maxzetina.LaCasaUITests;
				PRODUCT_NAME = "$(TARGET_NAME)";
				SWIFT_EMIT_LOC_STRINGS = NO;
				SWIFT_VERSION = 5.0;
				TARGETED_DEVICE_FAMILY = "1,2";
				TEST_TARGET_NAME = LaCasa;
			};
			name = Debug;
		};
		1B89D6292A4282DB008C5976 /* Release */ = {
			isa = XCBuildConfiguration;
			buildSettings = {
				ALWAYS_EMBED_SWIFT_STANDARD_LIBRARIES = YES;
				CODE_SIGN_STYLE = Automatic;
				CURRENT_PROJECT_VERSION = 1;
				DEVELOPMENT_TEAM = UXUU2WMD8Q;
				GENERATE_INFOPLIST_FILE = YES;
				MARKETING_VERSION = 1.0;
				PRODUCT_BUNDLE_IDENTIFIER = com.maxzetina.LaCasaUITests;
				PRODUCT_NAME = "$(TARGET_NAME)";
				SWIFT_EMIT_LOC_STRINGS = NO;
				SWIFT_VERSION = 5.0;
				TARGETED_DEVICE_FAMILY = "1,2";
				TEST_TARGET_NAME = LaCasa;
			};
			name = Release;
		};
/* End XCBuildConfiguration section */

/* Begin XCConfigurationList section */
		1B89D5F82A4282D9008C5976 /* Build configuration list for PBXProject "LaCasa" */ = {
			isa = XCConfigurationList;
			buildConfigurations = (
				1B89D61F2A4282DB008C5976 /* Debug */,
				1B89D6202A4282DB008C5976 /* Release */,
			);
			defaultConfigurationIsVisible = 0;
			defaultConfigurationName = Release;
		};
		1B89D6212A4282DB008C5976 /* Build configuration list for PBXNativeTarget "LaCasa" */ = {
			isa = XCConfigurationList;
			buildConfigurations = (
				1B89D6222A4282DB008C5976 /* Debug */,
				1B89D6232A4282DB008C5976 /* Release */,
			);
			defaultConfigurationIsVisible = 0;
			defaultConfigurationName = Release;
		};
		1B89D6242A4282DB008C5976 /* Build configuration list for PBXNativeTarget "LaCasaTests" */ = {
			isa = XCConfigurationList;
			buildConfigurations = (
				1B89D6252A4282DB008C5976 /* Debug */,
				1B89D6262A4282DB008C5976 /* Release */,
			);
			defaultConfigurationIsVisible = 0;
			defaultConfigurationName = Release;
		};
		1B89D6272A4282DB008C5976 /* Build configuration list for PBXNativeTarget "LaCasaUITests" */ = {
			isa = XCConfigurationList;
			buildConfigurations = (
				1B89D6282A4282DB008C5976 /* Debug */,
				1B89D6292A4282DB008C5976 /* Release */,
			);
			defaultConfigurationIsVisible = 0;
			defaultConfigurationName = Release;
		};
/* End XCConfigurationList section */
	};
	rootObject = 1B89D5F52A4282D9008C5976 /* Project object */;
}
